
Microsoft Visual Studio Solution File, Format Version 12.00
# Visual Studio Version 17
VisualStudioVersion = 17.11.35222.181
MinimumVisualStudioVersion = 10.0.40219.1
Project("{FAE04EC0-301F-11D3-BF4B-00C04F79EFBC}") = "ProductApi", "ProductApi\ProductApi.csproj", "{67A38E83-93D1-4DBC-AAA5-E94CFA013109}"
EndProject
Global
	GlobalSection(SolutionConfigurationPlatforms) = preSolution
		Debug|Any CPU = Debug|Any CPU
		Release|Any CPU = Release|Any CPU
	EndGlobalSection
	GlobalSection(ProjectConfigurationPlatforms) = postSolution
		{67A38E83-93D1-4DBC-AAA5-E94CFA013109}.Debug|Any CPU.ActiveCfg = Debug|Any CPU
		{67A38E83-93D1-4DBC-AAA5-E94CFA013109}.Debug|Any CPU.Build.0 = Debug|Any CPU
		{67A38E83-93D1-4DBC-AAA5-E94CFA013109}.Release|Any CPU.ActiveCfg = Release|Any CPU
		{67A38E83-93D1-4DBC-AAA5-E94CFA013109}.Release|Any CPU.Build.0 = Release|Any CPU
	EndGlobalSection
	GlobalSection(SolutionProperties) = preSolution
		HideSolutionNode = FALSE
	EndGlobalSection
	GlobalSection(ExtensibilityGlobals) = postSolution
		SolutionGuid = {913A1E7C-38AD-4613-9E31-444B22D82FA6}
	EndGlobalSection
EndGlobal
